
Microsoft Visual Studio Solution File, Format Version 12.00
# Visual Studio Version 17
VisualStudioVersion = 17.8.34601.278
MinimumVisualStudioVersion = 10.0.40219.1
Project("{9A19103F-16F7-4668-BE54-9A1E7A4F7556}") = "LAB3", "LAB3.csproj", "{1A76FB74-234A-4FF4-9E1A-28BC65CE15F9}"
EndProject
Global
	GlobalSection(SolutionConfigurationPlatforms) = preSolution
		Debug|Any CPU = Debug|Any CPU
		Release|Any CPU = Release|Any CPU
	EndGlobalSection
	GlobalSection(ProjectConfigurationPlatforms) = postSolution
		{1A76FB74-234A-4FF4-9E1A-28BC65CE15F9}.Debug|Any CPU.ActiveCfg = Debug|Any CPU
		{1A76FB74-234A-4FF4-9E1A-28BC65CE15F9}.Debug|Any CPU.Build.0 = Debug|Any CPU
		{1A76FB74-234A-4FF4-9E1A-28BC65CE15F9}.Release|Any CPU.ActiveCfg = Release|Any CPU
		{1A76FB74-234A-4FF4-9E1A-28BC65CE15F9}.Release|Any CPU.Build.0 = Release|Any CPU
	EndGlobalSection
	GlobalSection(SolutionProperties) = preSolution
		HideSolutionNode = FALSE
	EndGlobalSection
	GlobalSection(ExtensibilityGlobals) = postSolution
		SolutionGuid = {4FC24D57-6546-46F5-8365-3E693494B504}
	EndGlobalSection
EndGlobal
